PODS:
  - boost-for-react-native (1.63.0)
  - DoubleConversion (1.1.6)
  - Folly (2018.10.22.00):
    - boost-for-react-native
    - DoubleConversion
    - glog
  - glog (0.3.5)
  - GoogleDataTransport (7.1.0):
    - nanopb (~> 1.30905.0)
  - GoogleMLKit/BarcodeScanning (0.62.0):
    - GoogleMLKit/MLKitCore
    - MLKitBarcodeScanning (~> 0.62.0)
  - GoogleMLKit/FaceDetection (0.62.0):
    - GoogleMLKit/MLKitCore
    - MLKitFaceDetection (~> 0.62.0)
  - GoogleMLKit/ImageLabeling (0.62.0):
    - GoogleMLKit/MLKitCore
    - MLKitImageLabeling (~> 0.62.0)
  - GoogleMLKit/MLKitCore (0.62.0):
    - MLKitCommon (~> 0.62.0)
  - GoogleMLKit/TextRecognition (0.62.0):
    - GoogleMLKit/MLKitCore
    - MLKitTextRecognition (~> 0.62.0)
  - GoogleToolboxForMac/DebugUtils (2.2.2):
    - GoogleToolboxForMac/Defines (= 2.2.2)
  - GoogleToolboxForMac/Defines (2.2.2)
  - GoogleToolboxForMac/Logger (2.2.2):
    - GoogleToolboxForMac/Defines (= 2.2.2)
  - "GoogleToolboxForMac/NSData+zlib (2.2.2)":
    - GoogleToolboxForMac/Defines (= 2.2.2)
  - "GoogleToolboxForMac/NSDictionary+URLArguments (2.2.2)":
    - GoogleToolboxForMac/DebugUtils (= 2.2.2)
    - GoogleToolboxForMac/Defines (= 2.2.2)
    - "GoogleToolboxForMac/NSString+URLArguments (= 2.2.2)"
  - "GoogleToolboxForMac/NSString+URLArguments (2.2.2)"
  - GoogleUtilities/Environment (6.7.1):
    - PromisesObjC (~> 1.2)
  - GoogleUtilities/Logger (6.7.1):
    - GoogleUtilities/Environment
  - GoogleUtilities/UserDefaults (6.7.1):
    - GoogleUtilities/Logger
  - GoogleUtilitiesComponents (1.0.0):
    - GoogleUtilities/Logger
  - GTMSessionFetcher/Core (1.4.0)
  - MLKitBarcodeScanning (0.62.0):
    - MLKitCommon (~> 0.62)
    - MLKitVision (~> 0.62)
  - MLKitCommon (0.62.0):
    - GoogleDataTransport (~> 7.0)
    - GoogleToolboxForMac/Logger (~> 2.1)
    - "GoogleToolboxForMac/NSData+zlib (~> 2.1)"
    - "GoogleToolboxForMac/NSDictionary+URLArguments (~> 2.1)"
    - GoogleUtilities/UserDefaults (~> 6.0)
    - GoogleUtilitiesComponents (~> 1.0)
    - GTMSessionFetcher/Core (~> 1.1)
    - Protobuf (~> 3.12)
  - MLKitFaceDetection (0.62.0):
    - MLKitCommon (~> 0.62)
    - MLKitVision (~> 0.62)
  - MLKitImageLabeling (0.62.0):
    - MLKitCommon (~> 0.62)
    - MLKitImageLabelingCommon (~> 0.62)
    - MLKitVision (~> 0.62)
    - MLKitVisionKit (~> 0.62)
  - MLKitImageLabelingCommon (0.62.0):
    - MLKitCommon (~> 0.62)
    - MLKitVision (~> 0.62)
  - MLKitObjectDetectionCommon (0.62.0):
    - MLKitCommon (~> 0.62)
    - MLKitVision (~> 0.62)
  - MLKitTextRecognition (0.62.0):
    - MLKitCommon (~> 0.62)
    - MLKitVision (~> 0.62)
  - MLKitVision (0.62.0):
    - GoogleToolboxForMac/Logger (~> 2.1)
    - "GoogleToolboxForMac/NSData+zlib (~> 2.1)"
    - GTMSessionFetcher/Core (~> 1.1)
    - MLKitCommon (~> 0.62)
    - Protobuf (~> 3.12)
  - MLKitVisionKit (0.62.0):
    - MLKitCommon (~> 0.62)
    - MLKitImageLabelingCommon (~> 0.62)
    - MLKitObjectDetectionCommon (~> 0.62)
    - MLKitVision (~> 0.62)
  - nanopb (1.30905.0):
    - nanopb/decode (= 1.30905.0)
    - nanopb/encode (= 1.30905.0)
  - nanopb/decode (1.30905.0)
  - nanopb/encode (1.30905.0)
  - PromisesObjC (1.2.9)
  - Protobuf (3.12.0)
  - React (0.59.10):
    - React/Core (= 0.59.10)
  - react-native-camera/BarcodeDetectorMLKit (3.35.0):
    - GoogleMLKit/BarcodeScanning
    - React
    - react-native-camera/RCT
    - react-native-camera/RN
  - react-native-camera/FaceDetectorMLKit (3.35.0):
    - GoogleMLKit/FaceDetection
    - React
    - react-native-camera/RCT
    - react-native-camera/RN
  - react-native-camera/LabelDetectorMLKit (3.35.0):
    - GoogleMLKit/ImageLabeling
    - React
    - react-native-camera/RCT
    - react-native-camera/RN
  - react-native-camera/RCT (3.35.0):
    - React
  - react-native-camera/RN (3.35.0):
    - React
  - react-native-camera/TextDetector (3.35.0):
    - GoogleMLKit/TextRecognition
    - React
    - react-native-camera/RCT
    - react-native-camera/RN
  - React/Core (0.59.10):
    - yoga (= 0.59.10.React)
  - React/CxxBridge (0.59.10):
    - Folly (= 2018.10.22.00)
    - React/Core
    - React/cxxreact
    - React/jsiexecutor
  - React/cxxreact (0.59.10):
    - boost-for-react-native (= 1.63.0)
    - DoubleConversion
    - Folly (= 2018.10.22.00)
    - glog
    - React/jsinspector
  - React/DevSupport (0.59.10):
    - React/Core
    - React/RCTWebSocket
  - React/fishhook (0.59.10)
  - React/jsi (0.59.10):
    - DoubleConversion
    - Folly (= 2018.10.22.00)
    - glog
  - React/jsiexecutor (0.59.10):
    - DoubleConversion
    - Folly (= 2018.10.22.00)
    - glog
    - React/cxxreact
    - React/jsi
  - React/jsinspector (0.59.10)
  - React/RCTAnimation (0.59.10):
    - React/Core
  - React/RCTBlob (0.59.10):
    - React/Core
  - React/RCTNetwork (0.59.10):
    - React/Core
  - React/RCTText (0.59.10):
    - React/Core
  - React/RCTWebSocket (0.59.10):
    - React/Core
    - React/fishhook
    - React/RCTBlob
  - yoga (0.59.10.React)

DEPENDENCIES:
  - DoubleConversion (from `../node_modules/react-native/third-party-podspecs/DoubleConversion.podspec`)
  - Folly (from `../node_modules/react-native/third-party-podspecs/Folly.podspec`)
  - glog (from `../node_modules/react-native/third-party-podspecs/glog.podspec`)
  - react-native-camera/BarcodeDetectorMLKit (from `../../../`)
  - react-native-camera/FaceDetectorMLKit (from `../../../`)
  - react-native-camera/LabelDetectorMLKit (from `../../../`)
  - react-native-camera/TextDetector (from `../../../`)
  - React/Core (from `../node_modules/react-native`)
  - React/CxxBridge (from `../node_modules/react-native`)
  - React/DevSupport (from `../node_modules/react-native`)
  - React/RCTAnimation (from `../node_modules/react-native`)
  - React/RCTNetwork (from `../node_modules/react-native`)
  - React/RCTText (from `../node_modules/react-native`)
  - React/RCTWebSocket (from `../node_modules/react-native`)
  - yoga (from `../node_modules/react-native/ReactCommon/yoga`)

SPEC REPOS:
  trunk:
    - boost-for-react-native
    - GoogleDataTransport
    - GoogleMLKit
    - GoogleToolboxForMac
    - GoogleUtilities
    - GoogleUtilitiesComponents
    - GTMSessionFetcher
    - MLKitBarcodeScanning
    - MLKitCommon
    - MLKitFaceDetection
    - MLKitImageLabeling
    - MLKitImageLabelingCommon
    - MLKitObjectDetectionCommon
    - MLKitTextRecognition
    - MLKitVision
    - MLKitVisionKit
    - nanopb
    - PromisesObjC
    - Protobuf

EXTERNAL SOURCES:
  DoubleConversion:
    :podspec: "../node_modules/react-native/third-party-podspecs/DoubleConversion.podspec"
  Folly:
    :podspec: "../node_modules/react-native/third-party-podspecs/Folly.podspec"
  glog:
    :podspec: "../node_modules/react-native/third-party-podspecs/glog.podspec"
  React:
    :path: "../node_modules/react-native"
  react-native-camera:
    :path: "../../../"
  yoga:
    :path: "../node_modules/react-native/ReactCommon/yoga"

SPEC CHECKSUMS:
  boost-for-react-native: 39c7adb57c4e60d6c5479dd8623128eb5b3f0f2c
  DoubleConversion: bb338842f62ab1d708ceb63ec3d999f0f3d98ecd
  Folly: de497beb10f102453a1afa9edbf8cf8a251890de
  glog: aefd1eb5dda2ab95ba0938556f34b98e2da3a60d
  GoogleDataTransport: af0c79193dc59acd37630b4833d0dc6912ae6bd5
  GoogleMLKit: b753199bd6be50b49d55ffe0c60ad19a8aec56f9
  GoogleToolboxForMac: 800648f8b3127618c1b59c7f97684427630c5ea3
  GoogleUtilities: e121a3867449ce16b0e35ddf1797ea7a389ffdf2
  GoogleUtilitiesComponents: a69c0b3b369ba443e988141e75ef49d9010b1c80
  GTMSessionFetcher: 6f5c8abbab8a9bce4bb3f057e317728ec6182b10
  MLKitBarcodeScanning: 111a08148e542f6deb5a49294c4d8b2436a0daf9
  MLKitCommon: 9890ef9e9c374f53a48e435a4c6ce208c8b16a1e
  MLKitFaceDetection: 9e89118a072bee6c7c3e4319c7c95ed393ffd16d
  MLKitImageLabeling: 6db831e7820daa5b756fb5bfbcb52ef814269d35
  MLKitImageLabelingCommon: 63910a359a2aaf1db0ac690cc809e9b5894d502a
  MLKitObjectDetectionCommon: 7211f3ed1ffdaf31aee377979ed9bbf0f57d89e4
  MLKitTextRecognition: 8dd0aa91588d3b15bfa4d2546a077c1bd2e8544a
  MLKitVision: 6f0f4e5168becf2bb2e053ddfe26da2a27cc4906
  MLKitVisionKit: 04ea6daf52feeef6778059b24ed7e95298277ee8
  nanopb: c43f40fadfe79e8b8db116583945847910cbabc9
  PromisesObjC: b48e0338dbbac2207e611750777895f7a5811b75
  Protobuf: 2793fcd0622a00b546c60e7cbbcc493e043e9bb9
  React: 36d0768f9e93be2473b37e7fa64f92c1d5341eef
  react-native-camera: 90ac3ddebb968711a4a0ad4aaf5c219c0a834cbe
  yoga: 684513b14b03201579ba3cee20218c9d1298b0cc

PODFILE CHECKSUM: 1104028fea44e9e9f51f181120a7cac032c04156

COCOAPODS: 1.9.3
